
Microsoft Visual Studio Solution File, Format Version 12.00
# Visual Studio Version 17
VisualStudioVersion = 17.3.32819.101
MinimumVisualStudioVersion = 10.0.40219.1
Project("{9A19103F-16F7-4668-BE54-9A1E7A4F7556}") = "DevconArchiveVideoImporter", "src\DevconArchiveVideoImporter\DevconArchiveVideoImporter.csproj", "{5A408DD5-D8D8-42F4-A17B-389679AB074C}"
EndProject
Project("{2150E333-8FDC-42A3-9474-1A3956D46DE8}") = "Solution Items", "Solution Items", "{33106618-5341-424E-89A2-3C1F076605B4}"
	ProjectSection(SolutionItems) = preProject
		.editorconfig = .editorconfig
	EndProjectSection
EndProject
Project("{2150E333-8FDC-42A3-9474-1A3956D46DE8}") = "workflows", "workflows", "{B52D3F16-059F-49E6-8B43-3431EE0CD06D}"
	ProjectSection(SolutionItems) = preProject
		.github\workflows\publish-app-release.yml = .github\workflows\publish-app-release.yml
	EndProjectSection
EndProject
Project("{FAE04EC0-301F-11D3-BF4B-00C04F79EFBC}") = "DevconArchiveVideoImporter.Archive", "src\DevconArchiveVideoImporter.Archive\DevconArchiveVideoImporter.Archive.csproj", "{9362F00F-A22E-41F7-8FDF-6748584BCB73}"
EndProject
Project("{FAE04EC0-301F-11D3-BF4B-00C04F79EFBC}") = "DevconArchiveVideoImporter.Index", "src\DevconArchiveVideoImporter.Index\DevconArchiveVideoImporter.Index.csproj", "{BB0E997E-B00B-4788-BB93-B1D5AD67046C}"
EndProject
Global
	GlobalSection(SolutionConfigurationPlatforms) = preSolution
		Debug|Any CPU = Debug|Any CPU
		Release|Any CPU = Release|Any CPU
	EndGlobalSection
	GlobalSection(ProjectConfigurationPlatforms) = postSolution
		{5A408DD5-D8D8-42F4-A17B-389679AB074C}.Debug|Any CPU.ActiveCfg = Debug|Any CPU
		{5A408DD5-D8D8-42F4-A17B-389679AB074C}.Debug|Any CPU.Build.0 = Debug|Any CPU
		{5A408DD5-D8D8-42F4-A17B-389679AB074C}.Release|Any CPU.ActiveCfg = Release|Any CPU
		{5A408DD5-D8D8-42F4-A17B-389679AB074C}.Release|Any CPU.Build.0 = Release|Any CPU
		{9362F00F-A22E-41F7-8FDF-6748584BCB73}.Debug|Any CPU.ActiveCfg = Debug|Any CPU
		{9362F00F-A22E-41F7-8FDF-6748584BCB73}.Debug|Any CPU.Build.0 = Debug|Any CPU
		{9362F00F-A22E-41F7-8FDF-6748584BCB73}.Release|Any CPU.ActiveCfg = Release|Any CPU
		{9362F00F-A22E-41F7-8FDF-6748584BCB73}.Release|Any CPU.Build.0 = Release|Any CPU
		{BB0E997E-B00B-4788-BB93-B1D5AD67046C}.Debug|Any CPU.ActiveCfg = Debug|Any CPU
		{BB0E997E-B00B-4788-BB93-B1D5AD67046C}.Debug|Any CPU.Build.0 = Debug|Any CPU
		{BB0E997E-B00B-4788-BB93-B1D5AD67046C}.Release|Any CPU.ActiveCfg = Release|Any CPU
		{BB0E997E-B00B-4788-BB93-B1D5AD67046C}.Release|Any CPU.Build.0 = Release|Any CPU
	EndGlobalSection
	GlobalSection(SolutionProperties) = preSolution
		HideSolutionNode = FALSE
	EndGlobalSection
	GlobalSection(NestedProjects) = preSolution
		{B52D3F16-059F-49E6-8B43-3431EE0CD06D} = {33106618-5341-424E-89A2-3C1F076605B4}
	EndGlobalSection
	GlobalSection(ExtensibilityGlobals) = postSolution
		SolutionGuid = {A72F6428-DA1E-403B-87E7-D9BF86F27FA1}
	EndGlobalSection
EndGlobal
